// !$*UTF8*$!
{
	archiveVersion = 1;
	classes = {
	};
	objectVersion = 50;
	objects = {

/* Begin PBXBuildFile section */
		D91DF61E22E23F950034A55F /* GameControllerL2.swift in Sources */ = {isa = PBXBuildFile; fileRef = D91DF61D22E23F950034A55F /* GameControllerL2.swift */; };
		D91DF62022E23FAA0034A55F /* GameControllerL3.swift in Sources */ = {isa = PBXBuildFile; fileRef = D91DF61F22E23FAA0034A55F /* GameControllerL3.swift */; };
		D91DF62222E250BA0034A55F /* LastController.swift in Sources */ = {isa = PBXBuildFile; fileRef = D91DF62122E250BA0034A55F /* LastController.swift */; };
		D91DF62422E34B430034A55F /* TableTableViewController.swift in Sources */ = {isa = PBXBuildFile; fileRef = D91DF62322E34B430034A55F /* TableTableViewController.swift */; };
		D91DF62822E34FE50034A55F /* TableViewCellController.swift in Sources */ = {isa = PBXBuildFile; fileRef = D91DF62722E34FE50034A55F /* TableViewCellController.swift */; };
		D97EC64322EB791B0021C9C8 /* DetailViewController.swift in Sources */ = {isa = PBXBuildFile; fileRef = D97EC64222EB791B0021C9C8 /* DetailViewController.swift */; };
		D9AA76F222EC9B5300364A24 /* MapViewController.swift in Sources */ = {isa = PBXBuildFile; fileRef = D9AA76F122EC9B5300364A24 /* MapViewController.swift */; };
		D9AA76F522ECCB0800364A24 /* CoreData.xcdatamodeld in Sources */ = {isa = PBXBuildFile; fileRef = D9AA76F322ECCB0800364A24 /* CoreData.xcdatamodeld */; };
		D9C4D7F822E215650076D010 /* AppDelegate.swift in Sources */ = {isa = PBXBuildFile; fileRef = D9C4D7F722E215650076D010 /* AppDelegate.swift */; };
		D9C4D7FA22E215650076D010 /* ViewController.swift in Sources */ = {isa = PBXBuildFile; fileRef = D9C4D7F922E215650076D010 /* ViewController.swift */; };
		D9C4D7FD22E215650076D010 /* Main.storyboard in Resources */ = {isa = PBXBuildFile; fileRef = D9C4D7FB22E215650076D010 /* Main.storyboard */; };
		D9C4D7FF22E215660076D010 /* Assets.xcassets in Resources */ = {isa = PBXBuildFile; fileRef = D9C4D7FE22E215660076D010 /* Assets.xcassets */; };
		D9C4D80222E215660076D010 /* LaunchScreen.storyboard in Resources */ = {isa = PBXBuildFile; fileRef = D9C4D80022E215660076D010 /* LaunchScreen.storyboard */; };
		D9C4D80C22E2180B0076D010 /* GameController.swift in Sources */ = {isa = PBXBuildFile; fileRef = D9C4D80B22E2180B0076D010 /* GameController.swift */; };
		D9CBCC5122FE191E00B44B05 /* SavedWondersViewController.swift in Sources */ = {isa = PBXBuildFile; fileRef = D9CBCC5022FE191E00B44B05 /* SavedWondersViewController.swift */; };
		D9CBCC5322FE1D8600B44B05 /* Slide.xib in Resources */ = {isa = PBXBuildFile; fileRef = D9CBCC5222FE1D8600B44B05 /* Slide.xib */; };
		D9CBCC5522FE1DB800B44B05 /* Slide.swift in Sources */ = {isa = PBXBuildFile; fileRef = D9CBCC5422FE1DB800B44B05 /* Slide.swift */; };
		D9F294D222E3670300259825 /* wonders.json in Resources */ = {isa = PBXBuildFile; fileRef = D9F294D122E3670300259825 /* wonders.json */; };
		D9F294D422E367A900259825 /* Wonders.swift in Sources */ = {isa = PBXBuildFile; fileRef = D9F294D322E367A900259825 /* Wonders.swift */; };
		D9F294D622E38C2D00259825 /* AlternateViewController.swift in Sources */ = {isa = PBXBuildFile; fileRef = D9F294D522E38C2D00259825 /* AlternateViewController.swift */; };
		D9F294D822E38C9000259825 /* alternate.storyboard in Resources */ = {isa = PBXBuildFile; fileRef = D9F294D722E38C9000259825 /* alternate.storyboard */; };
		D9F294DA22E3937C00259825 /* TableViewCell2.swift in Sources */ = {isa = PBXBuildFile; fileRef = D9F294D922E3937C00259825 /* TableViewCell2.swift */; };
/* End PBXBuildFile section */

/* Begin PBXFileReference section */
		D91DF61D22E23F950034A55F /* GameControllerL2.swift */ = {isa = PBXFileReference; lastKnownFileType = sourcecode.swift; path = GameControllerL2.swift; sourceTree = "<group>"; };
		D91DF61F22E23FAA0034A55F /* GameControllerL3.swift */ = {isa = PBXFileReference; lastKnownFileType = sourcecode.swift; path = GameControllerL3.swift; sourceTree = "<group>"; };
		D91DF62122E250BA0034A55F /* LastController.swift */ = {isa = PBXFileReference; lastKnownFileType = sourcecode.swift; path = LastController.swift; sourceTree = "<group>"; };
		D91DF62322E34B430034A55F /* TableTableViewController.swift */ = {isa = PBXFileReference; lastKnownFileType = sourcecode.swift; path = TableTableViewController.swift; sourceTree = "<group>"; };
		D91DF62722E34FE50034A55F /* TableViewCellController.swift */ = {isa = PBXFileReference; lastKnownFileType = sourcecode.swift; path = TableViewCellController.swift; sourceTree = "<group>"; };
		D97EC64222EB791B0021C9C8 /* DetailViewController.swift */ = {isa = PBXFileReference; lastKnownFileType = sourcecode.swift; path = DetailViewController.swift; sourceTree = "<group>"; };
		D9AA76F122EC9B5300364A24 /* MapViewController.swift */ = {isa = PBXFileReference; lastKnownFileType = sourcecode.swift; path = MapViewController.swift; sourceTree = "<group>"; };
		D9AA76F422ECCB0800364A24 /* CoreData.xcdatamodel */ = {isa = PBXFileReference; lastKnownFileType = wrapper.xcdatamodel; path = CoreData.xcdatamodel; sourceTree = "<group>"; };
		D9C4D7F422E215650076D010 /* assignment1.app */ = {isa = PBXFileReference; explicitFileType = wrapper.application; includeInIndex = 0; path = assignment1.app; sourceTree = BUILT_PRODUCTS_DIR; };
		D9C4D7F722E215650076D010 /* AppDelegate.swift */ = {isa = PBXFileReference; lastKnownFileType = sourcecode.swift; path = AppDelegate.swift; sourceTree = "<group>"; };
		D9C4D7F922E215650076D010 /* ViewController.swift */ = {isa = PBXFileReference; lastKnownFileType = sourcecode.swift; path = ViewController.swift; sourceTree = "<group>"; };
		D9C4D7FC22E215650076D010 /* Base */ = {isa = PBXFileReference; lastKnownFileType = file.storyboard; name = Base; path = Base.lproj/Main.storyboard; sourceTree = "<group>"; };
		D9C4D7FE22E215660076D010 /* Assets.xcassets */ = {isa = PBXFileReference; lastKnownFileType = folder.assetcatalog; path = Assets.xcassets; sourceTree = "<group>"; };
		D9C4D80122E215660076D010 /* Base */ = {isa = PBXFileReference; lastKnownFileType = file.storyboard; name = Base; path = Base.lproj/LaunchScreen.storyboard; sourceTree = "<group>"; };
		D9C4D80322E215660076D010 /* Info.plist */ = {isa = PBXFileReference; lastKnownFileType = text.plist.xml; path = Info.plist; sourceTree = "<group>"; };
		D9C4D80B22E2180B0076D010 /* GameController.swift */ = {isa = PBXFileReference; lastKnownFileType = sourcecode.swift; path = GameController.swift; sourceTree = "<group>"; };
		D9CBCC5022FE191E00B44B05 /* SavedWondersViewController.swift */ = {isa = PBXFileReference; lastKnownFileType = sourcecode.swift; path = SavedWondersViewController.swift; sourceTree = "<group>"; };
		D9CBCC5222FE1D8600B44B05 /* Slide.xib */ = {isa = PBXFileReference; lastKnownFileType = file.xib; path = Slide.xib; sourceTree = "<group>"; };
		D9CBCC5422FE1DB800B44B05 /* Slide.swift */ = {isa = PBXFileReference; lastKnownFileType = sourcecode.swift; path = Slide.swift; sourceTree = "<group>"; };
		D9F294D122E3670300259825 /* wonders.json */ = {isa = PBXFileReference; fileEncoding = 4; lastKnownFileType = text.json; name = wonders.json; path = ../../../Downloads/wonders.json; sourceTree = "<group>"; };
		D9F294D322E367A900259825 /* Wonders.swift */ = {isa = PBXFileReference; lastKnownFileType = sourcecode.swift; path = Wonders.swift; sourceTree = "<group>"; };
		D9F294D522E38C2D00259825 /* AlternateViewController.swift */ = {isa = PBXFileReference; lastKnownFileType = sourcecode.swift; path = AlternateViewController.swift; sourceTree = "<group>"; };
		D9F294D722E38C9000259825 /* alternate.storyboard */ = {isa = PBXFileReference; lastKnownFileType = file.storyboard; path = alternate.storyboard; sourceTree = "<group>"; };
		D9F294D922E3937C00259825 /* TableViewCell2.swift */ = {isa = PBXFileReference; lastKnownFileType = sourcecode.swift; path = TableViewCell2.swift; sourceTree = "<group>"; };
/* End PBXFileReference section */

/* Begin PBXFrameworksBuildPhase section */
		D9C4D7F122E215650076D010 /* Frameworks */ = {
			isa = PBXFrameworksBuildPhase;
			buildActionMask = 2147483647;
			files = (
			);
			runOnlyForDeploymentPostprocessing = 0;
		};
/* End PBXFrameworksBuildPhase section */

/* Begin PBXGroup section */
		D9C4D7EB22E215650076D010 = {
			isa = PBXGroup;
			children = (
				D9C4D7F622E215650076D010 /* assignment1 */,
				D9C4D7F522E215650076D010 /* Products */,
			);
			sourceTree = "<group>";
		};
		D9C4D7F522E215650076D010 /* Products */ = {
			isa = PBXGroup;
			children = (
				D9C4D7F422E215650076D010 /* assignment1.app */,
			);
			name = Products;
			sourceTree = "<group>";
		};
		D9C4D7F622E215650076D010 /* assignment1 */ = {
			isa = PBXGroup;
			children = (
				D9C4D7F722E215650076D010 /* AppDelegate.swift */,
				D9C4D7F922E215650076D010 /* ViewController.swift */,
				D9C4D80B22E2180B0076D010 /* GameController.swift */,
				D91DF61D22E23F950034A55F /* GameControllerL2.swift */,
				D91DF61F22E23FAA0034A55F /* GameControllerL3.swift */,
				D91DF62122E250BA0034A55F /* LastController.swift */,
				D9F294D122E3670300259825 /* wonders.json */,
				D91DF62322E34B430034A55F /* TableTableViewController.swift */,
				D91DF62722E34FE50034A55F /* TableViewCellController.swift */,
				D9C4D7FB22E215650076D010 /* Main.storyboard */,
				D9C4D7FE22E215660076D010 /* Assets.xcassets */,
				D9C4D80022E215660076D010 /* LaunchScreen.storyboard */,
				D9C4D80322E215660076D010 /* Info.plist */,
				D9F294D322E367A900259825 /* Wonders.swift */,
				D9F294D522E38C2D00259825 /* AlternateViewController.swift */,
				D9F294D722E38C9000259825 /* alternate.storyboard */,
				D9F294D922E3937C00259825 /* TableViewCell2.swift */,
				D97EC64222EB791B0021C9C8 /* DetailViewController.swift */,
				D9AA76F122EC9B5300364A24 /* MapViewController.swift */,
				D9CBCC5022FE191E00B44B05 /* SavedWondersViewController.swift */,
				D9AA76F322ECCB0800364A24 /* CoreData.xcdatamodeld */,
				D9CBCC5222FE1D8600B44B05 /* Slide.xib */,
				D9CBCC5422FE1DB800B44B05 /* Slide.swift */,
			);
			path = assignment1;
			sourceTree = "<group>";
		};
/* End PBXGroup section */

/* Begin PBXNativeTarget section */
		D9C4D7F322E215650076D010 /* assignment1 */ = {
			isa = PBXNativeTarget;
			buildConfigurationList = D9C4D80622E215660076D010 /* Build configuration list for PBXNativeTarget "assignment1" */;
			buildPhases = (
				D9C4D7F022E215650076D010 /* Sources */,
				D9C4D7F122E215650076D010 /* Frameworks */,
				D9C4D7F222E215650076D010 /* Resources */,
			);
			buildRules = (
			);
			dependencies = (
			);
			name = assignment1;
			productName = assignment1;
			productReference = D9C4D7F422E215650076D010 /* assignment1.app */;
			productType = "com.apple.product-type.application";
		};
/* End PBXNativeTarget section */

/* Begin PBXProject section */
		D9C4D7EC22E215650076D010 /* Project object */ = {
			isa = PBXProject;
			attributes = {
				LastSwiftUpdateCheck = 1020;
				LastUpgradeCheck = 1020;
				ORGANIZATIONNAME = nishant_talwinder;
				TargetAttributes = {
					D9C4D7F322E215650076D010 = {
						CreatedOnToolsVersion = 10.2.1;
					};
				};
			};
			buildConfigurationList = D9C4D7EF22E215650076D010 /* Build configuration list for PBXProject "assignment1" */;
			compatibilityVersion = "Xcode 9.3";
			developmentRegion = en;
			hasScannedForEncodings = 0;
			knownRegions = (
				en,
				Base,
			);
			mainGroup = D9C4D7EB22E215650076D010;
			productRefGroup = D9C4D7F522E215650076D010 /* Products */;
			projectDirPath = "";
			projectRoot = "";
			targets = (
				D9C4D7F322E215650076D010 /* assignment1 */,
			);
		};
/* End PBXProject section */

/* Begin PBXResourcesBuildPhase section */
		D9C4D7F222E215650076D010 /* Resources */ = {
			isa = PBXResourcesBuildPhase;
			buildActionMask = 2147483647;
			files = (
				D9C4D80222E215660076D010 /* LaunchScreen.storyboard in Resources */,
				D9C4D7FF22E215660076D010 /* Assets.xcassets in Resources */,
				D9F294D222E3670300259825 /* wonders.json in Resources */,
				D9F294D822E38C9000259825 /* alternate.storyboard in Resources */,
				D9C4D7FD22E215650076D010 /* Main.storyboard in Resources */,
				D9CBCC5322FE1D8600B44B05 /* Slide.xib in Resources */,
			);
			runOnlyForDeploymentPostprocessing = 0;
		};
/* End PBXResourcesBuildPhase section */

/* Begin PBXSourcesBuildPhase section */
		D9C4D7F022E215650076D010 /* Sources */ = {
			isa = PBXSourcesBuildPhase;
			buildActionMask = 2147483647;
			files = (
				D9C4D7FA22E215650076D010 /* ViewController.swift in Sources */,
				D91DF62222E250BA0034A55F /* LastController.swift in Sources */,
				D91DF61E22E23F950034A55F /* GameControllerL2.swift in Sources */,
				D97EC64322EB791B0021C9C8 /* DetailViewController.swift in Sources */,
				D9F294D422E367A900259825 /* Wonders.swift in Sources */,
				D9C4D80C22E2180B0076D010 /* GameController.swift in Sources */,
				D9AA76F522ECCB0800364A24 /* CoreData.xcdatamodeld in Sources */,
				D9CBCC5522FE1DB800B44B05 /* Slide.swift in Sources */,
				D9AA76F222EC9B5300364A24 /* MapViewController.swift in Sources */,
				D9F294D622E38C2D00259825 /* AlternateViewController.swift in Sources */,
				D91DF62422E34B430034A55F /* TableTableViewController.swift in Sources */,
				D91DF62022E23FAA0034A55F /* GameControllerL3.swift in Sources */,
				D9CBCC5122FE191E00B44B05 /* SavedWondersViewController.swift in Sources */,
				D91DF62822E34FE50034A55F /* TableViewCellController.swift in Sources */,
				D9F294DA22E3937C00259825 /* TableViewCell2.swift in Sources */,
				D9C4D7F822E215650076D010 /* AppDelegate.swift in Sources */,
			);
			runOnlyForDeploymentPostprocessing = 0;
		};
/* End PBXSourcesBuildPhase section */

/* Begin PBXVariantGroup section */
		D9C4D7FB22E215650076D010 /* Main.storyboard */ = {
			isa = PBXVariantGroup;
			children = (
				D9C4D7FC22E215650076D010 /* Base */,
			);
			name = Main.storyboard;
			sourceTree = "<group>";
		};
		D9C4D80022E215660076D010 /* LaunchScreen.storyboard */ = {
			isa = PBXVariantGroup;
			children = (
				D9C4D80122E215660076D010 /* Base */,
			);
			name = LaunchScreen.storyboard;
			sourceTree = "<group>";
		};
/* End PBXVariantGroup section */

/* Begin XCBuildConfiguration section */
		D9C4D80422E215660076D010 /* Debug */ = {
			isa = XCBuildConfiguration;
			buildSettings = {
				ALWAYS_SEARCH_USER_PATHS = NO;
				CLANG_ANALYZER_NONNULL = YES;
				CLANG_ANALYZER_NUMBER_OBJECT_CONVERSION = YES_AGGRESSIVE;
				CLANG_CXX_LANGUAGE_STANDARD = "gnu++14";
				CLANG_CXX_LIBRARY = "libc++";
				CLANG_ENABLE_MODULES = YES;
				CLANG_ENABLE_OBJC_ARC = YES;
				CLANG_ENABLE_OBJC_WEAK = YES;
				CLANG_WARN_BLOCK_CAPTURE_AUTORELEASING = YES;
				CLANG_WARN_BOOL_CONVERSION = YES;
				CLANG_WARN_COMMA = YES;
				CLANG_WARN_CONSTANT_CONVERSION = YES;
				CLANG_WARN_DEPRECATED_OBJC_IMPLEMENTATIONS = YES;
				CLANG_WARN_DIRECT_OBJC_ISA_USAGE = YES_ERROR;
				CLANG_WARN_DOCUMENTATION_COMMENTS = YES;
				CLANG_WARN_EMPTY_BODY = YES;
				CLANG_WARN_ENUM_CONVERSION = YES;
				CLANG_WARN_INFINITE_RECURSION = YES;
				CLANG_WARN_INT_CONVERSION = YES;
				CLANG_WARN_NON_LITERAL_NULL_CONVERSION = YES;
				CLANG_WARN_OBJC_IMPLICIT_RETAIN_SELF = YES;
				CLANG_WARN_OBJC_LITERAL_CONVERSION = YES;
				CLANG_WARN_OBJC_ROOT_CLASS = YES_ERROR;
				CLANG_WARN_RANGE_LOOP_ANALYSIS = YES;
				CLANG_WARN_STRICT_PROTOTYPES = YES;
				CLANG_WARN_SUSPICIOUS_MOVE = YES;
				CLANG_WARN_UNGUARDED_AVAILABILITY = YES_AGGRESSIVE;
				CLANG_WARN_UNREACHABLE_CODE = YES;
				CLANG_WARN__DUPLICATE_METHOD_MATCH = YES;
				CODE_SIGN_IDENTITY = "iPhone Developer";
				COPY_PHASE_STRIP = NO;
				DEBUG_INFORMATION_FORMAT = dwarf;
				ENABLE_STRICT_OBJC_MSGSEND = YES;
				ENABLE_TESTABILITY = YES;
				GCC_C_LANGUAGE_STANDARD = gnu11;
				GCC_DYNAMIC_NO_PIC = NO;
				GCC_NO_COMMON_BLOCKS = YES;
				GCC_OPTIMIZATION_LEVEL = 0;
				GCC_PREPROCESSOR_DEFINITIONS = (
					"DEBUG=1",
					"$(inherited)",
				);
				GCC_WARN_64_TO_32_BIT_CONVERSION = YES;
				GCC_WARN_ABOUT_RETURN_TYPE = YES_ERROR;
				GCC_WARN_UNDECLARED_SELECTOR = YES;
				GCC_WARN_UNINITIALIZED_AUTOS = YES_AGGRESSIVE;
				GCC_WARN_UNUSED_FUNCTION = YES;
				GCC_WARN_UNUSED_VARIABLE = YES;
				IPHONEOS_DEPLOYMENT_TARGET = 12.2;
				MTL_ENABLE_DEBUG_INFO = INCLUDE_SOURCE;
				MTL_FAST_MATH = YES;
				ONLY_ACTIVE_ARCH = YES;
				SDKROOT = iphoneos;
				SWIFT_ACTIVE_COMPILATION_CONDITIONS = DEBUG;
				SWIFT_OPTIMIZATION_LEVEL = "-Onone";
			};
			name = Debug;
		};
		D9C4D80522E215660076D010 /* Release */ = {
			isa = XCBuildConfiguration;
			buildSettings = {
				ALWAYS_SEARCH_USER_PATHS = NO;
				CLANG_ANALYZER_NONNULL = YES;
				CLANG_ANALYZER_NUMBER_OBJECT_CONVERSION = YES_AGGRESSIVE;
				CLANG_CXX_LANGUAGE_STANDARD = "gnu++14";
				CLANG_CXX_LIBRARY = "libc++";
				CLANG_ENABLE_MODULES = YES;
				CLANG_ENABLE_OBJC_ARC = YES;
				CLANG_ENABLE_OBJC_WEAK = YES;
				CLANG_WARN_BLOCK_CAPTURE_AUTORELEASING = YES;
				CLANG_WARN_BOOL_CONVERSION = YES;
				CLANG_WARN_COMMA = YES;
				CLANG_WARN_CONSTANT_CONVERSION = YES;
				CLANG_WARN_DEPRECATED_OBJC_IMPLEMENTATIONS = YES;
				CLANG_WARN_DIRECT_OBJC_ISA_USAGE = YES_ERROR;
				CLANG_WARN_DOCUMENTATION_COMMENTS = YES;
				CLANG_WARN_EMPTY_BODY = YES;
				CLANG_WARN_ENUM_CONVERSION = YES;
				CLANG_WARN_INFINITE_RECURSION = YES;
				CLANG_WARN_INT_CONVERSION = YES;
				CLANG_WARN_NON_LITERAL_NULL_CONVERSION = YES;
				CLANG_WARN_OBJC_IMPLICIT_RETAIN_SELF = YES;
				CLANG_WARN_OBJC_LITERAL_CONVERSION = YES;
				CLANG_WARN_OBJC_ROOT_CLASS = YES_ERROR;
				CLANG_WARN_RANGE_LOOP_ANALYSIS = YES;
				CLANG_WARN_STRICT_PROTOTYPES = YES;
				CLANG_WARN_SUSPICIOUS_MOVE = YES;
				CLANG_WARN_UNGUARDED_AVAILABILITY = YES_AGGRESSIVE;
				CLANG_WARN_UNREACHABLE_CODE = YES;
				CLANG_WARN__DUPLICATE_METHOD_MATCH = YES;
				CODE_SIGN_IDENTITY = "iPhone Developer";
				COPY_PHASE_STRIP = NO;
				DEBUG_INFORMATION_FORMAT = "dwarf-with-dsym";
				ENABLE_NS_ASSERTIONS = NO;
				ENABLE_STRICT_OBJC_MSGSEND = YES;
				GCC_C_LANGUAGE_STANDARD = gnu11;
				GCC_NO_COMMON_BLOCKS = YES;
				GCC_WARN_64_TO_32_BIT_CONVERSION = YES;
				GCC_WARN_ABOUT_RETURN_TYPE = YES_ERROR;
				GCC_WARN_UNDECLARED_SELECTOR = YES;
				GCC_WARN_UNINITIALIZED_AUTOS = YES_AGGRESSIVE;
				GCC_WARN_UNUSED_FUNCTION = YES;
				GCC_WARN_UNUSED_VARIABLE = YES;
				IPHONEOS_DEPLOYMENT_TARGET = 12.2;
				MTL_ENABLE_DEBUG_INFO = NO;
				MTL_FAST_MATH = YES;
				SDKROOT = iphoneos;
				SWIFT_COMPILATION_MODE = wholemodule;
				SWIFT_OPTIMIZATION_LEVEL = "-O";
				VALIDATE_PRODUCT = YES;
			};
			name = Release;
		};
		D9C4D80722E215660076D010 /* Debug */ = {
			isa = XCBuildConfiguration;
			buildSettings = {
				ASSETCATALOG_COMPILER_APPICON_NAME = AppIcon;
				CODE_SIGN_STYLE = Automatic;
				INFOPLIST_FILE = assignment1/Info.plist;
				LD_RUNPATH_SEARCH_PATHS = (
					"$(inherited)",
					"@executable_path/Frameworks",
				);
				PRODUCT_BUNDLE_IDENTIFIER = com.groupAssignment.assignment1;
				PRODUCT_NAME = "$(TARGET_NAME)";
				SWIFT_VERSION = 5.0;
				TARGETED_DEVICE_FAMILY = "1,2";
			};
			name = Debug;
		};
		D9C4D80822E215660076D010 /* Release */ = {
			isa = XCBuildConfiguration;
			buildSettings = {
				ASSETCATALOG_COMPILER_APPICON_NAME = AppIcon;
				CODE_SIGN_STYLE = Automatic;
				INFOPLIST_FILE = assignment1/Info.plist;
				LD_RUNPATH_SEARCH_PATHS = (
					"$(inherited)",
					"@executable_path/Frameworks",
				);
				PRODUCT_BUNDLE_IDENTIFIER = com.groupAssignment.assignment1;
				PRODUCT_NAME = "$(TARGET_NAME)";
				SWIFT_VERSION = 5.0;
				TARGETED_DEVICE_FAMILY = "1,2";
			};
			name = Release;
		};
/* End XCBuildConfiguration section */

/* Begin XCConfigurationList section */
		D9C4D7EF22E215650076D010 /* Build configuration list for PBXProject "assignment1" */ = {
			isa = XCConfigurationList;
			buildConfigurations = (
				D9C4D80422E215660076D010 /* Debug */,
				D9C4D80522E215660076D010 /* Release */,
			);
			defaultConfigurationIsVisible = 0;
			defaultConfigurationName = Release;
		};
		D9C4D80622E215660076D010 /* Build configuration list for PBXNativeTarget "assignment1" */ = {
			isa = XCConfigurationList;
			buildConfigurations = (
				D9C4D80722E215660076D010 /* Debug */,
				D9C4D80822E215660076D010 /* Release */,
			);
			defaultConfigurationIsVisible = 0;
			defaultConfigurationName = Release;
		};
/* End XCConfigurationList section */

/* Begin XCVersionGroup section */
		D9AA76F322ECCB0800364A24 /* CoreData.xcdatamodeld */ = {
			isa = XCVersionGroup;
			children = (
				D9AA76F422ECCB0800364A24 /* CoreData.xcdatamodel */,
			);
			currentVersion = D9AA76F422ECCB0800364A24 /* CoreData.xcdatamodel */;
			path = CoreData.xcdatamodeld;
			sourceTree = "<group>";
			usesTabs = 0;
			versionGroupType = wrapper.xcdatamodel;
		};
/* End XCVersionGroup section */
	};
	rootObject = D9C4D7EC22E215650076D010 /* Project object */;
}
